
Microsoft Visual Studio Solution File, Format Version 12.00
# Visual Studio Version 17
VisualStudioVersion = 17.13.35806.99 d17.13
MinimumVisualStudioVersion = 10.0.40219.1
Project("{FAE04EC0-301F-11D3-BF4B-00C04F79EFBC}") = "Erişim_Belirleyiciler_ve_Değişkenler", "Erişim_Belirleyiciler_ve_Değişkenler\Erişim_Belirleyiciler_ve_Değişkenler.csproj", "{2FCCA45A-B4D3-4802-B10D-9A5A316F02D4}"
EndProject
Global
	GlobalSection(SolutionConfigurationPlatforms) = preSolution
		Debug|Any CPU = Debug|Any CPU
		Release|Any CPU = Release|Any CPU
	EndGlobalSection
	GlobalSection(ProjectConfigurationPlatforms) = postSolution
		{2FCCA45A-B4D3-4802-B10D-9A5A316F02D4}.Debug|Any CPU.ActiveCfg = Debug|Any CPU
		{2FCCA45A-B4D3-4802-B10D-9A5A316F02D4}.Debug|Any CPU.Build.0 = Debug|Any CPU
		{2FCCA45A-B4D3-4802-B10D-9A5A316F02D4}.Release|Any CPU.ActiveCfg = Release|Any CPU
		{2FCCA45A-B4D3-4802-B10D-9A5A316F02D4}.Release|Any CPU.Build.0 = Release|Any CPU
	EndGlobalSection
	GlobalSection(SolutionProperties) = preSolution
		HideSolutionNode = FALSE
	EndGlobalSection
	GlobalSection(ExtensibilityGlobals) = postSolution
		SolutionGuid = {3E0082A9-E4E8-4AAD-8081-A990F32CE0FA}
	EndGlobalSection
EndGlobal
